
Microsoft Visual Studio Solution File, Format Version 12.00
# Visual Studio 2013
VisualStudioVersion = 12.0.40629.0
MinimumVisualStudioVersion = 10.0.40219.1
Project("{FAE04EC0-301F-11D3-BF4B-00C04F79EFBC}") = "MitchellClaim", "MitchellClaim\MitchellClaim.csproj", "{2464E2C2-D585-497A-8835-26132658EFB3}"
EndProject
Project("{FAE04EC0-301F-11D3-BF4B-00C04F79EFBC}") = "TestMitchellClaim", "TestMitchellClaim\TestMitchellClaim.csproj", "{FFB69B43-D4C7-4C1B-B822-621B6707BA51}"
EndProject
Global
	GlobalSection(SolutionConfigurationPlatforms) = preSolution
		Debug|Any CPU = Debug|Any CPU
		Release|Any CPU = Release|Any CPU
	EndGlobalSection
	GlobalSection(ProjectConfigurationPlatforms) = postSolution
		{2464E2C2-D585-497A-8835-26132658EFB3}.Debug|Any CPU.ActiveCfg = Debug|Any CPU
		{2464E2C2-D585-497A-8835-26132658EFB3}.Debug|Any CPU.Build.0 = Debug|Any CPU
		{2464E2C2-D585-497A-8835-26132658EFB3}.Release|Any CPU.ActiveCfg = Release|Any CPU
		{2464E2C2-D585-497A-8835-26132658EFB3}.Release|Any CPU.Build.0 = Release|Any CPU
		{FFB69B43-D4C7-4C1B-B822-621B6707BA51}.Debug|Any CPU.ActiveCfg = Debug|Any CPU
		{FFB69B43-D4C7-4C1B-B822-621B6707BA51}.Debug|Any CPU.Build.0 = Debug|Any CPU
		{FFB69B43-D4C7-4C1B-B822-621B6707BA51}.Release|Any CPU.ActiveCfg = Release|Any CPU
		{FFB69B43-D4C7-4C1B-B822-621B6707BA51}.Release|Any CPU.Build.0 = Release|Any CPU
	EndGlobalSection
	GlobalSection(SolutionProperties) = preSolution
		HideSolutionNode = FALSE
	EndGlobalSection
EndGlobal
